
Microsoft Visual Studio Solution File, Format Version 12.00
# Visual Studio Version 16
VisualStudioVersion = 16.0.30503.244
MinimumVisualStudioVersion = 10.0.40219.1
Project("{FAE04EC0-301F-11D3-BF4B-00C04F79EFBC}") = "competitiemanager", "competitiemanager\competitiemanager.csproj", "{2ACB1113-C814-4CC7-ABE2-A4ADE470480B}"
EndProject
Global
	GlobalSection(SolutionConfigurationPlatforms) = preSolution
		Debug|Any CPU = Debug|Any CPU
		Release|Any CPU = Release|Any CPU
	EndGlobalSection
	GlobalSection(ProjectConfigurationPlatforms) = postSolution
		{2ACB1113-C814-4CC7-ABE2-A4ADE470480B}.Debug|Any CPU.ActiveCfg = Debug|Any CPU
		{2ACB1113-C814-4CC7-ABE2-A4ADE470480B}.Debug|Any CPU.Build.0 = Debug|Any CPU
		{2ACB1113-C814-4CC7-ABE2-A4ADE470480B}.Release|Any CPU.ActiveCfg = Release|Any CPU
		{2ACB1113-C814-4CC7-ABE2-A4ADE470480B}.Release|Any CPU.Build.0 = Release|Any CPU
	EndGlobalSection
	GlobalSection(SolutionProperties) = preSolution
		HideSolutionNode = FALSE
	EndGlobalSection
	GlobalSection(ExtensibilityGlobals) = postSolution
		SolutionGuid = {A97F37B3-9A7E-42A7-ABE6-41565286CFC4}
	EndGlobalSection
EndGlobal
